# This file is automatically @generated by Cargo.
# It is not intended for manual editing.
version = 4

[[package]]
name = "proc-macro-tool"
version = "0.8.35"
source = "registry+https://github.com/rust-lang/crates.io-index"
checksum = "d903b2677c3e8ffb080f4ea94bffb105bfc3214668cb121e5a50e7eccef69689"

[[package]]
name = "using-param"
version = "0.1.1"
dependencies = [
 "proc-macro-tool",
]
